PODS:
  - Capacitor (6.1.2):
    - CapacitorCordova
  - CapacitorApp (6.0.1):
    - Capacitor
  - CapacitorBrowser (6.0.3):
    - Capacitor
  - CapacitorCordova (6.1.2)
  - CapacitorFilesystem (6.0.1):
    - Capacitor
  - CapacitorGeolocation (6.0.1):
    - Capacitor
  - CapacitorLiveUpdates (0.3.1):
    - Capacitor
    - IonicLiveUpdates (~> 0.5.4)
  - CapacitorPluginSafeArea (3.0.3):
    - Capacitor
  - CapacitorStatusBar (6.0.1):
    - Capacitor
  - IonicLiveUpdates (0.5.5)

DEPENDENCIES:
  - "Capacitor (from `../../node_modules/@capacitor/ios`)"
  - "CapacitorApp (from `../../node_modules/@capacitor/app`)"
  - "CapacitorBrowser (from `../../node_modules/@capacitor/browser`)"
  - "CapacitorCordova (from `../../node_modules/@capacitor/ios`)"
  - "CapacitorFilesystem (from `../../node_modules/@capacitor/filesystem`)"
  - "CapacitorGeolocation (from `../../node_modules/@capacitor/geolocation`)"
  - "CapacitorLiveUpdates (from `../../node_modules/@capacitor/live-updates`)"
  - CapacitorPluginSafeArea (from `../../node_modules/capacitor-plugin-safe-area`)
  - "CapacitorStatusBar (from `../../node_modules/@capacitor/status-bar`)"

SPEC REPOS:
  trunk:
    - IonicLiveUpdates

EXTERNAL SOURCES:
  Capacitor:
    :path: "../../node_modules/@capacitor/ios"
  CapacitorApp:
    :path: "../../node_modules/@capacitor/app"
  CapacitorBrowser:
    :path: "../../node_modules/@capacitor/browser"
  CapacitorCordova:
    :path: "../../node_modules/@capacitor/ios"
  CapacitorFilesystem:
    :path: "../../node_modules/@capacitor/filesystem"
  CapacitorGeolocation:
    :path: "../../node_modules/@capacitor/geolocation"
  CapacitorLiveUpdates:
    :path: "../../node_modules/@capacitor/live-updates"
  CapacitorPluginSafeArea:
    :path: "../../node_modules/capacitor-plugin-safe-area"
  CapacitorStatusBar:
    :path: "../../node_modules/@capacitor/status-bar"

SPEC CHECKSUMS:
  Capacitor: 679f9673fdf30597493a6362a5d5bf233d46abc2
  CapacitorApp: 0bc633b4eae40a1f32cd2834788fad3bc42da6a1
  CapacitorBrowser: aab1ed943b01c0365c4810538a8b3477e2d9f72e
  CapacitorCordova: f48c89f96c319101cd2f0ce8a2b7449b5fb8b3dd
  CapacitorFilesystem: 37fb3aa5c945b4539ab11c74a5c57925a302bf24
  CapacitorGeolocation: 39dca51d755f08ed1d43e51be55291a402cdc64f
  CapacitorLiveUpdates: 82cf6e546e739075d805de2eef30df1caec1fbcd
  CapacitorPluginSafeArea: e1eca7f70974f0e270d96f70cd0a5f51523164b1
  CapacitorStatusBar: b81d4fb5d4e0064c712018071b3ab4b810b39a63
  IonicLiveUpdates: 656600ecd2cbaad5d5522aedd35958b9cf20b943

PODFILE CHECKSUM: 9aa9aa2384049f895f62c07b2355012eb33ef4ae

COCOAPODS: 1.16.2
