PODS:
  - Capacitor (6.1.1):
    - CapacitorCordova
  - CapacitorApp (6.0.1):
    - Capacitor
  - CapacitorBrowser (6.0.3):
    - Capacitor
  - CapacitorCordova (6.1.1)
  - CapacitorFilesystem (6.0.1):
    - Capacitor
  - CapacitorGeolocation (6.0.1):
    - Capacitor
  - CapacitorKeyboard (6.0.3):
    - Capacitor
  - CapacitorLiveUpdates (0.3.1):
    - Capacitor
    - IonicLiveUpdates (~> 0.5.4)
  - CapacitorPluginSafeArea (3.0.3):
    - Capacitor
  - CapacitorStatusBar (6.0.0):
    - Capacitor
  - IonicLiveUpdates (0.5.5)

DEPENDENCIES:
  - "Capacitor (from `../../node_modules/.pnpm/@capacitor+ios@6.1.1_@capacitor+core@6.1.1/node_modules/@capacitor/ios`)"
  - "CapacitorApp (from `../../node_modules/.pnpm/@capacitor+app@6.0.1_@capacitor+core@6.1.1/node_modules/@capacitor/app`)"
  - "CapacitorBrowser (from `../../node_modules/.pnpm/@capacitor+browser@6.0.3_@capacitor+core@6.1.1/node_modules/@capacitor/browser`)"
  - "CapacitorCordova (from `../../node_modules/.pnpm/@capacitor+ios@6.1.1_@capacitor+core@6.1.1/node_modules/@capacitor/ios`)"
  - "CapacitorFilesystem (from `../../node_modules/.pnpm/@capacitor+filesystem@6.0.1_@capacitor+core@6.1.1/node_modules/@capacitor/filesystem`)"
  - "CapacitorGeolocation (from `../../node_modules/.pnpm/@capacitor+geolocation@6.0.1_@capacitor+core@6.1.1/node_modules/@capacitor/geolocation`)"
  - "CapacitorKeyboard (from `../../node_modules/.pnpm/@capacitor+keyboard@6.0.3_@capacitor+core@6.1.1/node_modules/@capacitor/keyboard`)"
  - "CapacitorLiveUpdates (from `../../node_modules/.pnpm/@capacitor+live-updates@0.3.1_@capacitor+core@6.1.1/node_modules/@capacitor/live-updates`)"
  - "CapacitorPluginSafeArea (from `../../node_modules/.pnpm/capacitor-plugin-safe-area@3.0.3_@capacitor+core@6.1.1/node_modules/capacitor-plugin-safe-area`)"
  - "CapacitorStatusBar (from `../../node_modules/.pnpm/@capacitor+status-bar@6.0.0_@capacitor+core@6.1.1/node_modules/@capacitor/status-bar`)"

SPEC REPOS:
  trunk:
    - IonicLiveUpdates

EXTERNAL SOURCES:
  Capacitor:
    :path: "../../node_modules/.pnpm/@capacitor+ios@6.1.1_@capacitor+core@6.1.1/node_modules/@capacitor/ios"
  CapacitorApp:
    :path: "../../node_modules/.pnpm/@capacitor+app@6.0.1_@capacitor+core@6.1.1/node_modules/@capacitor/app"
  CapacitorBrowser:
    :path: "../../node_modules/.pnpm/@capacitor+browser@6.0.3_@capacitor+core@6.1.1/node_modules/@capacitor/browser"
  CapacitorCordova:
    :path: "../../node_modules/.pnpm/@capacitor+ios@6.1.1_@capacitor+core@6.1.1/node_modules/@capacitor/ios"
  CapacitorFilesystem:
    :path: "../../node_modules/.pnpm/@capacitor+filesystem@6.0.1_@capacitor+core@6.1.1/node_modules/@capacitor/filesystem"
  CapacitorGeolocation:
    :path: "../../node_modules/.pnpm/@capacitor+geolocation@6.0.1_@capacitor+core@6.1.1/node_modules/@capacitor/geolocation"
  CapacitorKeyboard:
    :path: "../../node_modules/.pnpm/@capacitor+keyboard@6.0.3_@capacitor+core@6.1.1/node_modules/@capacitor/keyboard"
  CapacitorLiveUpdates:
    :path: "../../node_modules/.pnpm/@capacitor+live-updates@0.3.1_@capacitor+core@6.1.1/node_modules/@capacitor/live-updates"
  CapacitorPluginSafeArea:
    :path: "../../node_modules/.pnpm/capacitor-plugin-safe-area@3.0.3_@capacitor+core@6.1.1/node_modules/capacitor-plugin-safe-area"
  CapacitorStatusBar:
    :path: "../../node_modules/.pnpm/@capacitor+status-bar@6.0.0_@capacitor+core@6.1.1/node_modules/@capacitor/status-bar"

SPEC CHECKSUMS:
  Capacitor: 8941aba4364ba9d1b22188569001f2ce45cc2b00
  CapacitorApp: 0bc633b4eae40a1f32cd2834788fad3bc42da6a1
  CapacitorBrowser: aab1ed943b01c0365c4810538a8b3477e2d9f72e
  CapacitorCordova: 8f2cc8d8d3619c566e9418fe8772064a94266106
  CapacitorFilesystem: 37fb3aa5c945b4539ab11c74a5c57925a302bf24
  CapacitorGeolocation: 39dca51d755f08ed1d43e51be55291a402cdc64f
  CapacitorKeyboard: 460c6f9ec5e52c84f2742d5ce2e67bbc7ab0ebb0
  CapacitorLiveUpdates: 82cf6e546e739075d805de2eef30df1caec1fbcd
  CapacitorPluginSafeArea: e1eca7f70974f0e270d96f70cd0a5f51523164b1
  CapacitorStatusBar: 2e4369f99166125435641b1908d05f561eaba6f6
  IonicLiveUpdates: 656600ecd2cbaad5d5522aedd35958b9cf20b943

PODFILE CHECKSUM: 1f76b218e32bca25db9cd040904de91abfa05819

COCOAPODS: 1.16.2
