PODS:
  - Capacitor (6.1.1):
    - CapacitorCordova
  - CapacitorApp (6.0.1):
    - Capacitor
  - CapacitorBrowser (6.0.3):
    - Capacitor
  - CapacitorCordova (6.1.1)
  - CapacitorFilesystem (6.0.1):
    - Capacitor
  - CapacitorPluginSafeArea (3.0.3):
    - Capacitor
  - CapacitorStatusBar (6.0.0):
    - Capacitor

DEPENDENCIES:
  - "Capacitor (from `../../node_modules/.pnpm/@capacitor+ios@6.1.1_@capacitor+core@6.1.1/node_modules/@capacitor/ios`)"
  - "CapacitorApp (from `../../node_modules/.pnpm/@capacitor+app@6.0.1_@capacitor+core@6.1.1/node_modules/@capacitor/app`)"
  - "CapacitorBrowser (from `../../node_modules/.pnpm/@capacitor+browser@6.0.3_@capacitor+core@6.1.1/node_modules/@capacitor/browser`)"
  - "CapacitorCordova (from `../../node_modules/.pnpm/@capacitor+ios@6.1.1_@capacitor+core@6.1.1/node_modules/@capacitor/ios`)"
  - "CapacitorFilesystem (from `../../node_modules/.pnpm/@capacitor+filesystem@6.0.1_@capacitor+core@6.1.1/node_modules/@capacitor/filesystem`)"
  - "CapacitorPluginSafeArea (from `../../node_modules/.pnpm/capacitor-plugin-safe-area@3.0.3_@capacitor+core@6.1.1/node_modules/capacitor-plugin-safe-area`)"
  - "CapacitorStatusBar (from `../../node_modules/.pnpm/@capacitor+status-bar@6.0.0_@capacitor+core@6.1.1/node_modules/@capacitor/status-bar`)"

EXTERNAL SOURCES:
  Capacitor:
    :path: "../../node_modules/.pnpm/@capacitor+ios@6.1.1_@capacitor+core@6.1.1/node_modules/@capacitor/ios"
  CapacitorApp:
    :path: "../../node_modules/.pnpm/@capacitor+app@6.0.1_@capacitor+core@6.1.1/node_modules/@capacitor/app"
  CapacitorBrowser:
    :path: "../../node_modules/.pnpm/@capacitor+browser@6.0.3_@capacitor+core@6.1.1/node_modules/@capacitor/browser"
  CapacitorCordova:
    :path: "../../node_modules/.pnpm/@capacitor+ios@6.1.1_@capacitor+core@6.1.1/node_modules/@capacitor/ios"
  CapacitorFilesystem:
    :path: "../../node_modules/.pnpm/@capacitor+filesystem@6.0.1_@capacitor+core@6.1.1/node_modules/@capacitor/filesystem"
  CapacitorPluginSafeArea:
    :path: "../../node_modules/.pnpm/capacitor-plugin-safe-area@3.0.3_@capacitor+core@6.1.1/node_modules/capacitor-plugin-safe-area"
  CapacitorStatusBar:
    :path: "../../node_modules/.pnpm/@capacitor+status-bar@6.0.0_@capacitor+core@6.1.1/node_modules/@capacitor/status-bar"

SPEC CHECKSUMS:
  Capacitor: 8941aba4364ba9d1b22188569001f2ce45cc2b00
  CapacitorApp: 0bc633b4eae40a1f32cd2834788fad3bc42da6a1
  CapacitorBrowser: aab1ed943b01c0365c4810538a8b3477e2d9f72e
  CapacitorCordova: 8f2cc8d8d3619c566e9418fe8772064a94266106
  CapacitorFilesystem: 37fb3aa5c945b4539ab11c74a5c57925a302bf24
  CapacitorPluginSafeArea: e1eca7f70974f0e270d96f70cd0a5f51523164b1
  CapacitorStatusBar: 2e4369f99166125435641b1908d05f561eaba6f6

PODFILE CHECKSUM: ee5b5a03d6e8070194846051fd95a943977dced0

COCOAPODS: 1.16.2
